
Microsoft Visual Studio Solution File, Format Version 12.00
# Visual Studio Version 17
VisualStudioVersion = 17.11.35303.130
MinimumVisualStudioVersion = 10.0.40219.1
Project("{8BC9CEB8-8B4A-11D0-8D11-00A0C91BC942}") = "Laboratorna robota nomer 3.3", "Laboratorna robota nomer 3.3\Laboratorna robota nomer 3.3.vcxproj", "{182B681A-D289-4B98-A309-3AD8AAAA9796}"
EndProject
Global
	GlobalSection(SolutionConfigurationPlatforms) = preSolution
		Debug|x64 = Debug|x64
		Debug|x86 = Debug|x86
		Release|x64 = Release|x64
		Release|x86 = Release|x86
	EndGlobalSection
	GlobalSection(ProjectConfigurationPlatforms) = postSolution
		{182B681A-D289-4B98-A309-3AD8AAAA9796}.Debug|x64.ActiveCfg = Debug|x64
		{182B681A-D289-4B98-A309-3AD8AAAA9796}.Debug|x64.Build.0 = Debug|x64
		{182B681A-D289-4B98-A309-3AD8AAAA9796}.Debug|x86.ActiveCfg = Debug|Win32
		{182B681A-D289-4B98-A309-3AD8AAAA9796}.Debug|x86.Build.0 = Debug|Win32
		{182B681A-D289-4B98-A309-3AD8AAAA9796}.Release|x64.ActiveCfg = Release|x64
		{182B681A-D289-4B98-A309-3AD8AAAA9796}.Release|x64.Build.0 = Release|x64
		{182B681A-D289-4B98-A309-3AD8AAAA9796}.Release|x86.ActiveCfg = Release|Win32
		{182B681A-D289-4B98-A309-3AD8AAAA9796}.Release|x86.Build.0 = Release|Win32
	EndGlobalSection
	GlobalSection(SolutionProperties) = preSolution
		HideSolutionNode = FALSE
	EndGlobalSection
	GlobalSection(ExtensibilityGlobals) = postSolution
		SolutionGuid = {A6F393B8-D528-4689-8E14-ADBCF73C00BC}
	EndGlobalSection
EndGlobal
